
Microsoft Visual Studio Solution File, Format Version 12.00
# Visual Studio Version 17
VisualStudioVersion = 17.5.33627.172
MinimumVisualStudioVersion = 10.0.40219.1
Project("{9A19103F-16F7-4668-BE54-9A1E7A4F7556}") = "InventrySystemMVC", "InventrySystemMVC\InventrySystemMVC.csproj", "{D5B2A90F-8EFF-49FF-816B-7B023F99A0B3}"
EndProject
Project("{FAE04EC0-301F-11D3-BF4B-00C04F79EFBC}") = "ims.Models", "ims.Models\ims.Models.csproj", "{AA473FB8-CAC3-4C10-80C0-80D448EC1AAA}"
EndProject
Project("{FAE04EC0-301F-11D3-BF4B-00C04F79EFBC}") = "ims.DataAccessLayer", "ims.DataAccessLayer\ims.DataAccessLayer.csproj", "{24EA4DE0-793A-4753-8187-77BAC2EAA2E1}"
EndProject
Global
	GlobalSection(SolutionConfigurationPlatforms) = preSolution
		Debug|Any CPU = Debug|Any CPU
		Release|Any CPU = Release|Any CPU
	EndGlobalSection
	GlobalSection(ProjectConfigurationPlatforms) = postSolution
		{D5B2A90F-8EFF-49FF-816B-7B023F99A0B3}.Debug|Any CPU.ActiveCfg = Debug|Any CPU
		{D5B2A90F-8EFF-49FF-816B-7B023F99A0B3}.Debug|Any CPU.Build.0 = Debug|Any CPU
		{D5B2A90F-8EFF-49FF-816B-7B023F99A0B3}.Release|Any CPU.ActiveCfg = Release|Any CPU
		{D5B2A90F-8EFF-49FF-816B-7B023F99A0B3}.Release|Any CPU.Build.0 = Release|Any CPU
		{AA473FB8-CAC3-4C10-80C0-80D448EC1AAA}.Debug|Any CPU.ActiveCfg = Debug|Any CPU
		{AA473FB8-CAC3-4C10-80C0-80D448EC1AAA}.Debug|Any CPU.Build.0 = Debug|Any CPU
		{AA473FB8-CAC3-4C10-80C0-80D448EC1AAA}.Release|Any CPU.ActiveCfg = Release|Any CPU
		{AA473FB8-CAC3-4C10-80C0-80D448EC1AAA}.Release|Any CPU.Build.0 = Release|Any CPU
		{24EA4DE0-793A-4753-8187-77BAC2EAA2E1}.Debug|Any CPU.ActiveCfg = Debug|Any CPU
		{24EA4DE0-793A-4753-8187-77BAC2EAA2E1}.Debug|Any CPU.Build.0 = Debug|Any CPU
		{24EA4DE0-793A-4753-8187-77BAC2EAA2E1}.Release|Any CPU.ActiveCfg = Release|Any CPU
		{24EA4DE0-793A-4753-8187-77BAC2EAA2E1}.Release|Any CPU.Build.0 = Release|Any CPU
	EndGlobalSection
	GlobalSection(SolutionProperties) = preSolution
		HideSolutionNode = FALSE
	EndGlobalSection
	GlobalSection(ExtensibilityGlobals) = postSolution
		SolutionGuid = {69591C73-6080-4F31-B04D-41E8B55BB7A8}
	EndGlobalSection
EndGlobal
